
Microsoft Visual Studio Solution File, Format Version 12.00
# Visual Studio Version 16
VisualStudioVersion = 16.0.31321.278
MinimumVisualStudioVersion = 10.0.40219.1
Project("{FAE04EC0-301F-11D3-BF4B-00C04F79EFBC}") = "AgenteColetorLixo", "AgenteColetorLixo.csproj", "{E1080767-D45C-4AFC-B4E4-835649B3B3AE}"
EndProject
Global
	GlobalSection(SolutionConfigurationPlatforms) = preSolution
		Debug|Any CPU = Debug|Any CPU
		Release|Any CPU = Release|Any CPU
	EndGlobalSection
	GlobalSection(ProjectConfigurationPlatforms) = postSolution
		{E1080767-D45C-4AFC-B4E4-835649B3B3AE}.Debug|Any CPU.ActiveCfg = Debug|Any CPU
		{E1080767-D45C-4AFC-B4E4-835649B3B3AE}.Debug|Any CPU.Build.0 = Debug|Any CPU
		{E1080767-D45C-4AFC-B4E4-835649B3B3AE}.Release|Any CPU.ActiveCfg = Release|Any CPU
		{E1080767-D45C-4AFC-B4E4-835649B3B3AE}.Release|Any CPU.Build.0 = Release|Any CPU
	EndGlobalSection
	GlobalSection(SolutionProperties) = preSolution
		HideSolutionNode = FALSE
	EndGlobalSection
	GlobalSection(ExtensibilityGlobals) = postSolution
		SolutionGuid = {A7355E1F-7158-426D-9911-2296A85EE9D4}
	EndGlobalSection
EndGlobal
